# THIS IS AN AUTOGENERATED FILE. DO NOT EDIT THIS FILE DIRECTLY.
# yarn lockfile v1


"@a-la/detect-jsx@^1.0.1":
  version "1.0.1"
  resolved "https://registry.yarnpkg.com/@a-la/detect-jsx/-/detect-jsx-1.0.1.tgz#ef36b5f3c129e0901d5752a86999a9910f6b5e7a"
  integrity sha512-ZxWfYmzeFt0CUDylMM8ZiZwSDOrZHyDnf5iVkimZKOfB5VwNEhC52NZCv5zctMFI2y3H4+jsePq6fXHc46FrFw==

"@a-la/jsx@^1.6.0":
  version "1.6.0"
  resolved "https://registry.yarnpkg.com/@a-la/jsx/-/jsx-1.6.0.tgz#803a8debba9b1d589ad505c610b196096ae0772d"
  integrity sha512-ybOpoq6pqt2L733csuR0LoUXoSpLH7t1qkIH2Gyxx77V4rcdzKB8fmC8Q60djA1ShS7YdIBR5a6hy03Trj1Gog==
  dependencies:
    "@a-la/detect-jsx" "^1.0.1"
    restream "^3.7.1"

"@artdeco/clean-stack@^1.1.1":
  version "1.1.1"
  resolved "https://registry.yarnpkg.com/@artdeco/clean-stack/-/clean-stack-1.1.1.tgz#0a68b9a061b5076ebaf948c150ea26d09c1e753f"
  integrity sha512-q5lO3vGUo0WgkSqzgzjL0HQdA9t2HzQqZISuVuQWMh9xqLuiLFP/ZTsxFc8vpMl7mNpGk7Mm0OeyFQ+Evrp0Cw==

"@depack/render@^1.3.2":
  version "1.3.2"
  resolved "https://registry.yarnpkg.com/@depack/render/-/render-1.3.2.tgz#c9a7d903744ea329c394a90269a3f9f39b0c53db"
  integrity sha512-MIUmrzZXHcVwTgE7b2ra7R4Z42zfcn4+vrgfEUK0ANe8JjpbPCFGAg1PAJjWLlrQE2ryF0C9r03EXQmAl7GoAQ==

"@depack/split@^1.0.0":
  version "1.0.0"
  resolved "https://registry.yarnpkg.com/@depack/split/-/split-1.0.0.tgz#37fea28d9bc6f01e5a2da87d393f402781bb7e99"
  integrity sha512-PNJPl01VFMKtyN7qBZ2cds4N/lO2KvzLrR7JamODFiuuL2X8mGoTKp1SI8fxlT2MwLV8mScCUKn55QPwsUX7iA==

"@idio/idio@^0.1.0":
  version "0.1.0"
  resolved "https://registry.yarnpkg.com/@idio/idio/-/idio-0.1.0.tgz#06a77eca43a1c044d31148af7dd922047311da4f"
  integrity sha512-XdBwu9POX4441MlxxrmgtqthItOCzcOCq2sk8KxFxVOvf3qLZmYMWhyQ2mlbTXsFPZyz7L5d8Wa/LWQKBNVKsg==
  dependencies:
    mime-db "^1.40.0"

"@idio/preact-fixture@1.0.0":
  version "1.0.0"
  resolved "https://registry.yarnpkg.com/@idio/preact-fixture/-/preact-fixture-1.0.0.tgz#3070f49f32641ccd08db8d5241374d2111f206f4"
  integrity sha512-/QNdKiwBW3R9lkYjwSKrbsm1SHL99StYtuo0aR0ZDRrhzNDPvab3wB1u5Lye/Bix4EezRQ8ckgv1n/kukgX8FA==

"@wrote/clone@^1.1.1":
  version "1.2.1"
  resolved "https://registry.yarnpkg.com/@wrote/clone/-/clone-1.2.1.tgz#112cfab56adcfe8df9341a82c48ddb0d6bd6dbc4"
  integrity sha512-V1tFKje8f+gmFDJSBnJ6xGeZQjPtUGJK2kwHdJ2o/FC6bYHDhWv8aHat5hXv8hqN0fl8TtH0ZRZ5GwLhoezfng==
  dependencies:
    "@wrote/ensure-path" "^1.0.8"
    "@wrote/read-dir-structure" "^1.2.0"
    makepromise "^3.1.0"

"@wrote/ensure-path@^1.0.6", "@wrote/ensure-path@^1.0.8":
  version "1.1.0"
  resolved "https://registry.yarnpkg.com/@wrote/ensure-path/-/ensure-path-1.1.0.tgz#2b5875dd4e215f209329c9c774702e4e67c3e07f"
  integrity sha512-yZigiFQhgAMAVrec9BoPdJzqjSBdHuCyDrAacWSHIUByxiMcmY9i/1dGM4RbGZg/bN8XWrxDDmcWLuPUmsJYFg==
  dependencies:
    makepromise "^3.1.0"

"@wrote/exists@^1.0.3", "@wrote/exists@^1.0.5":
  version "1.0.5"
  resolved "https://registry.yarnpkg.com/@wrote/exists/-/exists-1.0.5.tgz#6310f57ee017449ed17f19a85dd1a9dd6380d74b"
  integrity sha512-OLA2QrG/SkMP5ZGm6Am0ICG8IDzCwwnyErKjWWPTu6C1/eeCEqlZZSONSe6BquCFNQpOqhyZ+CTnmWULPXG9bg==
  dependencies:
    makepromise "^3.1.0"

"@wrote/read-dir-structure@^1.2.0":
  version "1.2.0"
  resolved "https://registry.yarnpkg.com/@wrote/read-dir-structure/-/read-dir-structure-1.2.0.tgz#864399b144c6ff3e78bc879fb3d8a1f6bf537384"
  integrity sha512-wl0/zld6Pjssa5mgbAFw/C8u6zGs/zJJ2hLXhMQtI5nuCntTb/idQJSH4WV8+YVNI1IRQO6TBDP+6YDr3cz8jw==
  dependencies:
    makepromise "^3.1.0"

"@wrote/read@^1.0.3", "@wrote/read@^1.0.4":
  version "1.0.4"
  resolved "https://registry.yarnpkg.com/@wrote/read/-/read-1.0.4.tgz#b7343b3bbfb1d1b9ed35ee87e8021730f13f5fcf"
  integrity sha512-wRvv11mvywo2UIeFhvJ7SCO30hvW0P6jMBo1cAlYQOFwbdbTZYZxHdb1zz3VMF8o74W3xQAuvS78DNmA47NumQ==
  dependencies:
    catchment "^3.3.0"

"@wrote/rm@^1.1.3":
  version "1.1.5"
  resolved "https://registry.yarnpkg.com/@wrote/rm/-/rm-1.1.5.tgz#8044b45fd599554f653a447f386a658ff1259f52"
  integrity sha512-PBeEQ9GapqrBCig3wdvOLdSHhV4SMjxS9uWThCsuGeTNwE4dUb/hqmYC75acIvAd2iRFB2rmO/TyKjdLkM/tgQ==
  dependencies:
    "@wrote/read-dir-structure" "^1.2.0"
    makepromise "^3.1.0"

"@wrote/write@^1.0.3":
  version "1.0.4"
  resolved "https://registry.yarnpkg.com/@wrote/write/-/write-1.0.4.tgz#ad2c4e667b3e2bd5f37bb844d6b78b55952c391f"
  integrity sha512-zhelf+k8hMbk/FCvroJ/KwpX8Bi1lnJ9hkJITLqiCWi1vk6X74QhjdFxSaNDyiC5V1WTPJIWQ+76VB4obY7zVw==
  dependencies:
    erotic "^2.1.0"

"@zoroaster/assert@^1.0.2":
  version "1.0.2"
  resolved "https://registry.yarnpkg.com/@zoroaster/assert/-/assert-1.0.2.tgz#8ffe2ebb10c81d570d4965080f942af688321a1f"
  integrity sha512-5C0LDzW8DkiSSCLyYO9ux3R5ru65yEn/GtxH1wh7ukRhLAZ/Svx4+A81YvciXcn35B2VmvCqyiTrhNdxdgusSw==

"@zoroaster/mask@^2.2.0":
  version "2.2.0"
  resolved "https://registry.yarnpkg.com/@zoroaster/mask/-/mask-2.2.0.tgz#fecdcb6f863440519b91b51f09549b1e981e84da"
  integrity sha512-/k9B/ofxE4x9Vs6EOjXQjcsltraJzNLg/uxEwzfCZUN+foiJxK/j+YBiyJmN3Gwpnry2D3Qs0D3Qm+SMkLqkTg==

alamode@^3.0.0:
  version "3.0.0"
  resolved "https://registry.yarnpkg.com/alamode/-/alamode-3.0.0.tgz#d83b1939cdb823665b850f4ee1d2255be854d058"
  integrity sha512-rKxzjI4FG2dDrL13xGdvEUmLsaz3TUwm5/JwRzJ+5AhXs5pI/tGbsvmvJ9rHtkPTpMXfj4sf1RFZGmgbFIhBFg==

catchment@^1.0.0:
  version "1.0.0"
  resolved "https://registry.yarnpkg.com/catchment/-/catchment-1.0.0.tgz#3061f71be0102710be84328d2f94363a165f8c4b"
  integrity sha1-MGH3G+AQJxC+hDKNL5Q2OhZfjEs=

catchment@^3.2.3, catchment@^3.3.0:
  version "3.3.0"
  resolved "https://registry.yarnpkg.com/catchment/-/catchment-3.3.0.tgz#e57eb70183d6a75ee71da0cb8ec2e76ac01317d2"
  integrity sha512-PACm54CBCUZv1uEOMyNiB6i0kkDMdDN0+VYXIQAaeZMDcjudyPccgpYLWQfGCwCW/Q9SOfD6MyBLmxL3qh7V3A==
  dependencies:
    "@artdeco/clean-stack" "^1.1.1"
    erotic "^2.1.0"

documentary@^1.32.2:
  version "1.32.2"
  resolved "https://registry.yarnpkg.com/documentary/-/documentary-1.32.2.tgz#4ee674dbab622bd64b6c625668e3680f43807330"
  integrity sha512-WvfCNlz585ryP4YF+Wac9wxv8VTi3ePR2q9RNvUmTNrE0ifz8jDmiQxgkv5KeieL8bf4XBn7dQYQ1O6eRkwUyA==
  dependencies:
    alamode "^3.0.0"
    preact "8.5.2"
    typal "^1.22.1"

erotic@^2.1.0:
  version "2.1.1"
  resolved "https://registry.yarnpkg.com/erotic/-/erotic-2.1.1.tgz#97f20c2d6e7fd2ec6f7996823009d3ac8ae7157f"
  integrity sha512-S1ns+uibigdXxxzqiO5VNZw3d0YNrVb4jZ7OUAklO4722/ytp+nta6txsUhYmnIEI0TF7jjXNjGvcmw0I/Rs7A==
  dependencies:
    "@artdeco/clean-stack" "^1.1.1"

eslint-config-artdeco@1.0.1:
  version "1.0.1"
  resolved "https://registry.yarnpkg.com/eslint-config-artdeco/-/eslint-config-artdeco-1.0.1.tgz#4451c9d0ed1ce4d33dfd43a6315f12c8bfb04274"
  integrity sha1-RFHJ0O0c5NM9/UOmMV8SyL+wQnQ=

fpj@^1.3.0:
  version "1.3.0"
  resolved "https://registry.yarnpkg.com/fpj/-/fpj-1.3.0.tgz#c01dd7d72e69fa5f82d339f5e6fbc3b3256d286a"
  integrity sha512-RduDTdeaoEPD+zzyv7eYefGiPD6DVhNnhwOWTzG1aJnCDmkJrbdDfaWAOxyM0Xw75Ui6+o6wJyAUDrnyqmQvcg==
  dependencies:
    "@wrote/exists" "^1.0.5"
    "@wrote/read" "^1.0.4"
    resolve-dependency "^1.0.3"

makepromise@^3.0.3, makepromise@^3.1.0:
  version "3.1.0"
  resolved "https://registry.yarnpkg.com/makepromise/-/makepromise-3.1.0.tgz#58a07ea1605ad10c14a907334e067d200402d8b9"
  integrity sha512-wbRpYfLteGKd3j96r30G2xCrqp3blk/kYOzGKBPnEix4a/VcHcxcYFwJ79fCZFtcEqMn8MGSh8h+D+/LlI+JQQ==
  dependencies:
    erotic "^2.1.0"

mime-db@^1.40.0:
  version "1.41.0"
  resolved "https://registry.yarnpkg.com/mime-db/-/mime-db-1.41.0.tgz#9110408e1f6aa1b34aef51f2c9df3caddf46b6a0"
  integrity sha512-B5gxBI+2K431XW8C2rcc/lhppbuji67nf9v39eH8pkWoZDxnAL0PxdpH32KYRScniF8qDHBDlI+ipgg5WrCUYw==

pedantry@^2.3.1:
  version "2.5.0"
  resolved "https://registry.yarnpkg.com/pedantry/-/pedantry-2.5.0.tgz#02b2689ef64e87a1f36c731a400d305e80e96a54"
  integrity sha512-LU0IjJV+gayov2HTguIv5izijEZFB01Beq9+wwzHuFqSkLRMMg9pG7PfHzssZV1oJIfaZqWMitGwTDo8kuRHKg==

preact@8.5.2:
  version "8.5.2"
  resolved "https://registry.yarnpkg.com/preact/-/preact-8.5.2.tgz#2f532da485287c07369e08150cf4d23921a09789"
  integrity sha512-37tlDJGq5IQKqGUbqPZ7qPtsTOWFyxe+ojAOFfzKo0dEPreenqrqgJuS83zGpeGAqD9h9L9Yr7QuxH2W4ZrKxg==

resolve-dependency@^1.0.3:
  version "1.0.3"
  resolved "https://registry.yarnpkg.com/resolve-dependency/-/resolve-dependency-1.0.3.tgz#f0f78d0cea2c2fbf9dcf38b67ab15363aba8db34"
  integrity sha512-d9kWZE8B6XNztEl4UTYfZ08bSToR3uQSpRnumj4UWrY2UQTk9DBrMhpCfvNk1DowtB1gXdhn6fXtoKvYeRV5jg==
  dependencies:
    "@wrote/exists" "^1.0.3"

restream@^3.7.1, restream@^3.7.4:
  version "3.7.4"
  resolved "https://registry.yarnpkg.com/restream/-/restream-3.7.4.tgz#e86c455f92ba65ce41d9e450ed54d065a130f89c"
  integrity sha512-heKiPfU5CLE/jTLcs53MyvE1jje/V/JViAD95LMY1p0XVDLyVcyM4iUo0iYUnuNUYTUxrJyKpXDTu7GKOr0pFA==
  dependencies:
    "@artdeco/clean-stack" "^1.1.1"
    catchment "^3.3.0"

rqt@^4.0.0:
  version "4.0.0"
  resolved "https://registry.yarnpkg.com/rqt/-/rqt-4.0.0.tgz#b57f64bf1b3b8b8109617f9dc67b9dd9ea5cb4d6"
  integrity sha512-DUm6ZAt6ESeY46aFWhQwBvsOpXABRL5TTkpN/3KJjog7uk2ncYuU4UZ8FQV6qfWybihkMFCdoESNSxYQ5rSZiQ==

spawncommand@1.1.0:
  version "1.1.0"
  resolved "https://registry.yarnpkg.com/spawncommand/-/spawncommand-1.1.0.tgz#80a56ed3c06ab3b91643cf3f6cef38bf582fdb15"
  integrity sha1-gKVu08Bqs7kWQ88/bO84v1gv2xU=
  dependencies:
    catchment "^1.0.0"

temp-context@^2.1.3:
  version "2.1.3"
  resolved "https://registry.yarnpkg.com/temp-context/-/temp-context-2.1.3.tgz#278502e47a2aa717334d5d84f18657ea42d7512c"
  integrity sha512-x5Zoj1X1OJe/2RNbPJwVLbhFs0Gu8552E8VBAEZH+vLxARdUb1Kf5RXIdX6VZBMmgRpN1NXEXJsMcNirIHubeA==
  dependencies:
    "@wrote/clone" "^1.1.1"
    "@wrote/ensure-path" "^1.0.6"
    "@wrote/read" "^1.0.3"
    "@wrote/rm" "^1.1.3"
    "@wrote/write" "^1.0.3"
    catchment "^3.2.3"
    makepromise "^3.0.3"
    pedantry "^2.3.1"

typal@^1.22.1:
  version "1.22.1"
  resolved "https://registry.yarnpkg.com/typal/-/typal-1.22.1.tgz#d7d861b87c7b1e4eb164547a8eb5c3f3863fb6e9"
  integrity sha512-0gvvH2reH3rFh8lmVatMZI1SjLR8/LHwDpugs51vPDJnd41ANo59cBMsGl7IbQh2ThkOwvOPfbT+JLzz1Wpshg==

yarn-s@1.1.0:
  version "1.1.0"
  resolved "https://registry.yarnpkg.com/yarn-s/-/yarn-s-1.1.0.tgz#8c65555d7c7ccb5a61e18440b8b0e4cb48b76b9d"
  integrity sha1-jGVVXXx8y1ph4YRAuLDky0i3a50=
  dependencies:
    spawncommand "1.1.0"

zoroaster@^4.1.2:
  version "4.1.2"
  resolved "https://registry.yarnpkg.com/zoroaster/-/zoroaster-4.1.2.tgz#89e033cdeebf75564713436bd7e72af926e800fb"
  integrity sha512-mE5RlV12h5bEZ4LBX0NsR5NEwNicLR6kdwXMijWD8vH+8JmbtXuC664ndzsw46lnhmn2VWlafyBi5k/MMCmftA==
  dependencies:
    "@zoroaster/assert" "^1.0.2"
    "@zoroaster/mask" "^2.2.0"
    alamode "^3.0.0"
